
Microsoft Visual Studio Solution File, Format Version 11.00
# Visual Studio 2010
Project("{FAE04EC0-301F-11D3-BF4B-00C04F79EFBC}") = "MetroMenu", "MetroMenu\MetroMenu.csproj", "{5EE4B15D-7E9B-4322-BAA0-3BE54AC7A096}"
EndProject
Project("{FAE04EC0-301F-11D3-BF4B-00C04F79EFBC}") = "MetroMenu.Web", "MetroMenu.Web\MetroMenu.Web.csproj", "{06A6469C-9B3B-4A3A-A7F6-CADD23249421}"
EndProject
Global
	GlobalSection(SolutionConfigurationPlatforms) = preSolution
		Debug|Any CPU = Debug|Any CPU
		Release|Any CPU = Release|Any CPU
	EndGlobalSection
	GlobalSection(ProjectConfigurationPlatforms) = postSolution
		{5EE4B15D-7E9B-4322-BAA0-3BE54AC7A096}.Debug|Any CPU.ActiveCfg = Debug|Any CPU
		{5EE4B15D-7E9B-4322-BAA0-3BE54AC7A096}.Debug|Any CPU.Build.0 = Debug|Any CPU
		{5EE4B15D-7E9B-4322-BAA0-3BE54AC7A096}.Release|Any CPU.ActiveCfg = Release|Any CPU
		{5EE4B15D-7E9B-4322-BAA0-3BE54AC7A096}.Release|Any CPU.Build.0 = Release|Any CPU
		{06A6469C-9B3B-4A3A-A7F6-CADD23249421}.Debug|Any CPU.ActiveCfg = Debug|Any CPU
		{06A6469C-9B3B-4A3A-A7F6-CADD23249421}.Debug|Any CPU.Build.0 = Debug|Any CPU
		{06A6469C-9B3B-4A3A-A7F6-CADD23249421}.Release|Any CPU.ActiveCfg = Release|Any CPU
		{06A6469C-9B3B-4A3A-A7F6-CADD23249421}.Release|Any CPU.Build.0 = Release|Any CPU
	EndGlobalSection
	GlobalSection(SolutionProperties) = preSolution
		HideSolutionNode = FALSE
	EndGlobalSection
EndGlobal
